{
  "version": 4,
  "terraform_version": "1.14.3",
  "serial": 6,
  "lineage": "1a5cda98-6dfe-8df8-1301-4dd5703c367e",
  "outputs": {},
  "resources": [
    {
      "module": "module.storage",
      "mode": "managed",
      "type": "random_id",
      "name": "suffix",
      "provider": "provider[\"registry.terraform.io/hashicorp/random\"]",
      "instances": [
        {
          "schema_version": 0,
          "attributes": {
            "b64_std": "vuhTVA==",
            "b64_url": "vuhTVA",
            "byte_length": 4,
            "dec": "3202896724",
            "hex": "bee85354",
            "id": "vuhTVA",
            "keepers": null,
            "prefix": null
          },
          "sensitive_attributes": [],
          "identity_schema_version": 0
        }
      ]
    }
  ],
  "check_results": null
}
